
Microsoft Visual Studio Solution File, Format Version 12.00
# Visual Studio Version 16
VisualStudioVersion = 16.0.29609.76
MinimumVisualStudioVersion = 10.0.40219.1
Project("{FAE04EC0-301F-11D3-BF4B-00C04F79EFBC}") = "FizzBuzz", "FizzBuzz.csproj", "{ECE60209-BEEC-4C2C-B016-DD6B9854CCC8}"
EndProject
Global
	GlobalSection(SolutionConfigurationPlatforms) = preSolution
		Debug|Any CPU = Debug|Any CPU
		Release|Any CPU = Release|Any CPU
	EndGlobalSection
	GlobalSection(ProjectConfigurationPlatforms) = postSolution
		{ECE60209-BEEC-4C2C-B016-DD6B9854CCC8}.Debug|Any CPU.ActiveCfg = Debug|Any CPU
		{ECE60209-BEEC-4C2C-B016-DD6B9854CCC8}.Debug|Any CPU.Build.0 = Debug|Any CPU
		{ECE60209-BEEC-4C2C-B016-DD6B9854CCC8}.Release|Any CPU.ActiveCfg = Release|Any CPU
		{ECE60209-BEEC-4C2C-B016-DD6B9854CCC8}.Release|Any CPU.Build.0 = Release|Any CPU
	EndGlobalSection
	GlobalSection(SolutionProperties) = preSolution
		HideSolutionNode = FALSE
	EndGlobalSection
	GlobalSection(ExtensibilityGlobals) = postSolution
		SolutionGuid = {77B98701-27B5-4B76-AED1-13AE48D36809}
	EndGlobalSection
EndGlobal
